// !$*UTF8*$!
{
	archiveVersion = 1;
	classes = {
	};
	objectVersion = 56;
	objects = {

/* Begin PBXBuildFile section */
		04A6487A2931E02F006B7401 /* ResponseData.swift in Sources */ = {isa = PBXBuildFile; fileRef = 04A648792931E02F006B7401 /* ResponseData.swift */; };
		04A8127F292FAF5300C12645 /* AppDelegate.swift in Sources */ = {isa = PBXBuildFile; fileRef = 04A8127E292FAF5300C12645 /* AppDelegate.swift */; };
		04A81281292FAF5300C12645 /* SceneDelegate.swift in Sources */ = {isa = PBXBuildFile; fileRef = 04A81280292FAF5300C12645 /* SceneDelegate.swift */; };
		04A81283292FAF5300C12645 /* ViewController.swift in Sources */ = {isa = PBXBuildFile; fileRef = 04A81282292FAF5300C12645 /* ViewController.swift */; };
		04A81288292FAF5500C12645 /* Assets.xcassets in Resources */ = {isa = PBXBuildFile; fileRef = 04A81287292FAF5500C12645 /* Assets.xcassets */; };
		04A8128B292FAF5500C12645 /* LaunchScreen.storyboard in Resources */ = {isa = PBXBuildFile; fileRef = 04A81289292FAF5500C12645 /* LaunchScreen.storyboard */; };
		04A81296292FAF5500C12645 /* KakaoLoginTests.swift in Sources */ = {isa = PBXBuildFile; fileRef = 04A81295292FAF5500C12645 /* KakaoLoginTests.swift */; };
		04A812A0292FAF5500C12645 /* KakaoLoginUITests.swift in Sources */ = {isa = PBXBuildFile; fileRef = 04A8129F292FAF5500C12645 /* KakaoLoginUITests.swift */; };
		04A812A2292FAF5500C12645 /* KakaoLoginUITestsLaunchTests.swift in Sources */ = {isa = PBXBuildFile; fileRef = 04A812A1292FAF5500C12645 /* KakaoLoginUITestsLaunchTests.swift */; };
		04A812B0292FD12300C12645 /* RxKakaoSDK in Frameworks */ = {isa = PBXBuildFile; productRef = 04A812AF292FD12300C12645 /* RxKakaoSDK */; };
		04A812B3292FD14D00C12645 /* RxKakaoSDK in Frameworks */ = {isa = PBXBuildFile; productRef = 04A812B2292FD14D00C12645 /* RxKakaoSDK */; };
		04A812B5292FD15100C12645 /* RxKakaoSDK in Frameworks */ = {isa = PBXBuildFile; productRef = 04A812B4292FD15100C12645 /* RxKakaoSDK */; };
		04A812B8292FDF2500C12645 /* SnapKit in Frameworks */ = {isa = PBXBuildFile; productRef = 04A812B7292FDF2500C12645 /* SnapKit */; };
		04A812BB292FE13300C12645 /* RxGesture in Frameworks */ = {isa = PBXBuildFile; productRef = 04A812BA292FE13300C12645 /* RxGesture */; };
		04A812BE2930641C00C12645 /* Moya in Frameworks */ = {isa = PBXBuildFile; productRef = 04A812BD2930641C00C12645 /* Moya */; };
		04A812C02930641C00C12645 /* ReactiveMoya in Frameworks */ = {isa = PBXBuildFile; productRef = 04A812BF2930641C00C12645 /* ReactiveMoya */; };
		04A812C22930641C00C12645 /* RxMoya in Frameworks */ = {isa = PBXBuildFile; productRef = 04A812C12930641C00C12645 /* RxMoya */; };
		04A812C52930680300C12645 /* NetworkAlamo.swift in Sources */ = {isa = PBXBuildFile; fileRef = 04A812C42930680300C12645 /* NetworkAlamo.swift */; };
		04A812C72930680A00C12645 /* TargetType.swift in Sources */ = {isa = PBXBuildFile; fileRef = 04A812C62930680A00C12645 /* TargetType.swift */; };
		04A812CB293070D400C12645 /* SecondViewController.swift in Sources */ = {isa = PBXBuildFile; fileRef = 04A812CA293070D400C12645 /* SecondViewController.swift */; };
		04AADDCD2939F79F00156500 /* NetworkMoya.swift in Sources */ = {isa = PBXBuildFile; fileRef = 04AADDCC2939F79F00156500 /* NetworkMoya.swift */; };
		04AADDCF293D9D7100156500 /* ViewModel.swift in Sources */ = {isa = PBXBuildFile; fileRef = 04AADDCE293D9D7100156500 /* ViewModel.swift */; };
		04C4E6852935EB1900BDE2F2 /* Base.swift in Sources */ = {isa = PBXBuildFile; fileRef = 04C4E6842935EB1900BDE2F2 /* Base.swift */; };
/* End PBXBuildFile section */

/* Begin PBXContainerItemProxy section */
		04A81292292FAF5500C12645 /* PBXContainerItemProxy */ = {
			isa = PBXContainerItemProxy;
			containerPortal = 04A81273292FAF5300C12645 /* Project object */;
			proxyType = 1;
			remoteGlobalIDString = 04A8127A292FAF5300C12645;
			remoteInfo = KakaoLogin;
		};
		04A8129C292FAF5500C12645 /* PBXContainerItemProxy */ = {
			isa = PBXContainerItemProxy;
			containerPortal = 04A81273292FAF5300C12645 /* Project object */;
			proxyType = 1;
			remoteGlobalIDString = 04A8127A292FAF5300C12645;
			remoteInfo = KakaoLogin;
		};
/* End PBXContainerItemProxy section */

/* Begin PBXFileReference section */
		04A648792931E02F006B7401 /* ResponseData.swift */ = {isa = PBXFileReference; lastKnownFileType = sourcecode.swift; path = ResponseData.swift; sourceTree = "<group>"; };
		04A8127B292FAF5300C12645 /* KakaoLogin.app */ = {isa = PBXFileReference; explicitFileType = wrapper.application; includeInIndex = 0; path = KakaoLogin.app; sourceTree = BUILT_PRODUCTS_DIR; };
		04A8127E292FAF5300C12645 /* AppDelegate.swift */ = {isa = PBXFileReference; lastKnownFileType = sourcecode.swift; path = AppDelegate.swift; sourceTree = "<group>"; };
		04A81280292FAF5300C12645 /* SceneDelegate.swift */ = {isa = PBXFileReference; lastKnownFileType = sourcecode.swift; path = SceneDelegate.swift; sourceTree = "<group>"; };
		04A81282292FAF5300C12645 /* ViewController.swift */ = {isa = PBXFileReference; lastKnownFileType = sourcecode.swift; path = ViewController.swift; sourceTree = "<group>"; };
		04A81287292FAF5500C12645 /* Assets.xcassets */ = {isa = PBXFileReference; lastKnownFileType = folder.assetcatalog; path = Assets.xcassets; sourceTree = "<group>"; };
		04A8128A292FAF5500C12645 /* Base */ = {isa = PBXFileReference; lastKnownFileType = file.storyboard; name = Base; path = Base.lproj/LaunchScreen.storyboard; sourceTree = "<group>"; };
		04A8128C292FAF5500C12645 /* Info.plist */ = {isa = PBXFileReference; lastKnownFileType = text.plist.xml; path = Info.plist; sourceTree = "<group>"; };
		04A81291292FAF5500C12645 /* KakaoLoginTests.xctest */ = {isa = PBXFileReference; explicitFileType = wrapper.cfbundle; includeInIndex = 0; path = KakaoLoginTests.xctest; sourceTree = BUILT_PRODUCTS_DIR; };
		04A81295292FAF5500C12645 /* KakaoLoginTests.swift */ = {isa = PBXFileReference; lastKnownFileType = sourcecode.swift; path = KakaoLoginTests.swift; sourceTree = "<group>"; };
		04A8129B292FAF5500C12645 /* KakaoLoginUITests.xctest */ = {isa = PBXFileReference; explicitFileType = wrapper.cfbundle; includeInIndex = 0; path = KakaoLoginUITests.xctest; sourceTree = BUILT_PRODUCTS_DIR; };
		04A8129F292FAF5500C12645 /* KakaoLoginUITests.swift */ = {isa = PBXFileReference; lastKnownFileType = sourcecode.swift; path = KakaoLoginUITests.swift; sourceTree = "<group>"; };
		04A812A1292FAF5500C12645 /* KakaoLoginUITestsLaunchTests.swift */ = {isa = PBXFileReference; lastKnownFileType = sourcecode.swift; path = KakaoLoginUITestsLaunchTests.swift; sourceTree = "<group>"; };
		04A812C42930680300C12645 /* NetworkAlamo.swift */ = {isa = PBXFileReference; lastKnownFileType = sourcecode.swift; path = NetworkAlamo.swift; sourceTree = "<group>"; };
		04A812C62930680A00C12645 /* TargetType.swift */ = {isa = PBXFileReference; lastKnownFileType = sourcecode.swift; path = TargetType.swift; sourceTree = "<group>"; };
		04A812CA293070D400C12645 /* SecondViewController.swift */ = {isa = PBXFileReference; lastKnownFileType = sourcecode.swift; path = SecondViewController.swift; sourceTree = "<group>"; };
		04AADDCC2939F79F00156500 /* NetworkMoya.swift */ = {isa = PBXFileReference; lastKnownFileType = sourcecode.swift; path = NetworkMoya.swift; sourceTree = "<group>"; };
		04AADDCE293D9D7100156500 /* ViewModel.swift */ = {isa = PBXFileReference; lastKnownFileType = sourcecode.swift; path = ViewModel.swift; sourceTree = "<group>"; };
		04C20574293773FE00734304 /* README.md */ = {isa = PBXFileReference; lastKnownFileType = net.daringfireball.markdown; path = README.md; sourceTree = "<group>"; };
		04C4E6842935EB1900BDE2F2 /* Base.swift */ = {isa = PBXFileReference; lastKnownFileType = sourcecode.swift; path = Base.swift; sourceTree = "<group>"; };
/* End PBXFileReference section */

/* Begin PBXFrameworksBuildPhase section */
		04A81278292FAF5300C12645 /* Frameworks */ = {
			isa = PBXFrameworksBuildPhase;
			buildActionMask = 2147483647;
			files = (
				04A812C22930641C00C12645 /* RxMoya in Frameworks */,
				04A812B0292FD12300C12645 /* RxKakaoSDK in Frameworks */,
				04A812BB292FE13300C12645 /* RxGesture in Frameworks */,
				04A812BE2930641C00C12645 /* Moya in Frameworks */,
				04A812C02930641C00C12645 /* ReactiveMoya in Frameworks */,
				04A812B8292FDF2500C12645 /* SnapKit in Frameworks */,
			);
			runOnlyForDeploymentPostprocessing = 0;
		};
		04A8128E292FAF5500C12645 /* Frameworks */ = {
			isa = PBXFrameworksBuildPhase;
			buildActionMask = 2147483647;
			files = (
				04A812B3292FD14D00C12645 /* RxKakaoSDK in Frameworks */,
			);
			runOnlyForDeploymentPostprocessing = 0;
		};
		04A81298292FAF5500C12645 /* Frameworks */ = {
			isa = PBXFrameworksBuildPhase;
			buildActionMask = 2147483647;
			files = (
				04A812B5292FD15100C12645 /* RxKakaoSDK in Frameworks */,
			);
			runOnlyForDeploymentPostprocessing = 0;
		};
/* End PBXFrameworksBuildPhase section */

/* Begin PBXGroup section */
		04A648752931DE50006B7401 /* Moya */ = {
			isa = PBXGroup;
			children = (
				04A812C62930680A00C12645 /* TargetType.swift */,
				04AADDCC2939F79F00156500 /* NetworkMoya.swift */,
			);
			path = Moya;
			sourceTree = "<group>";
		};
		04A648762931DE56006B7401 /* Alamo */ = {
			isa = PBXGroup;
			children = (
				04A812C42930680300C12645 /* NetworkAlamo.swift */,
			);
			path = Alamo;
			sourceTree = "<group>";
		};
		04A648782931E01E006B7401 /* Entities */ = {
			isa = PBXGroup;
			children = (
				04A648792931E02F006B7401 /* ResponseData.swift */,
			);
			path = Entities;
			sourceTree = "<group>";
		};
		04A81272292FAF5300C12645 = {
			isa = PBXGroup;
			children = (
				04C20574293773FE00734304 /* README.md */,
				04A8127D292FAF5300C12645 /* KakaoLogin */,
				04A81294292FAF5500C12645 /* KakaoLoginTests */,
				04A8129E292FAF5500C12645 /* KakaoLoginUITests */,
				04A8127C292FAF5300C12645 /* Products */,
				04A812B1292FD14D00C12645 /* Frameworks */,
			);
			sourceTree = "<group>";
		};
		04A8127C292FAF5300C12645 /* Products */ = {
			isa = PBXGroup;
			children = (
				04A8127B292FAF5300C12645 /* KakaoLogin.app */,
				04A81291292FAF5500C12645 /* KakaoLoginTests.xctest */,
				04A8129B292FAF5500C12645 /* KakaoLoginUITests.xctest */,
			);
			name = Products;
			sourceTree = "<group>";
		};
		04A8127D292FAF5300C12645 /* KakaoLogin */ = {
			isa = PBXGroup;
			children = (
				04AADDD1293DA80500156500 /* Delegate */,
				04AADDD0293DA7FB00156500 /* Presenter */,
				04A648782931E01E006B7401 /* Entities */,
				04A812C32930644000C12645 /* Network */,
				04A81287292FAF5500C12645 /* Assets.xcassets */,
				04A81289292FAF5500C12645 /* LaunchScreen.storyboard */,
				04A8128C292FAF5500C12645 /* Info.plist */,
			);
			path = KakaoLogin;
			sourceTree = "<group>";
		};
		04A81294292FAF5500C12645 /* KakaoLoginTests */ = {
			isa = PBXGroup;
			children = (
				04A81295292FAF5500C12645 /* KakaoLoginTests.swift */,
			);
			path = KakaoLoginTests;
			sourceTree = "<group>";
		};
		04A8129E292FAF5500C12645 /* KakaoLoginUITests */ = {
			isa = PBXGroup;
			children = (
				04A8129F292FAF5500C12645 /* KakaoLoginUITests.swift */,
				04A812A1292FAF5500C12645 /* KakaoLoginUITestsLaunchTests.swift */,
			);
			path = KakaoLoginUITests;
			sourceTree = "<group>";
		};
		04A812B1292FD14D00C12645 /* Frameworks */ = {
			isa = PBXGroup;
			children = (
			);
			name = Frameworks;
			sourceTree = "<group>";
		};
		04A812C32930644000C12645 /* Network */ = {
			isa = PBXGroup;
			children = (
				04C4E6842935EB1900BDE2F2 /* Base.swift */,
				04A648762931DE56006B7401 /* Alamo */,
				04A648752931DE50006B7401 /* Moya */,
			);
			path = Network;
			sourceTree = "<group>";
		};
		04AADDD0293DA7FB00156500 /* Presenter */ = {
			isa = PBXGroup;
			children = (
				04AADDD4293DBF7100156500 /* Second */,
				04AADDD3293DBF6600156500 /* First */,
			);
			path = Presenter;
			sourceTree = "<group>";
		};
		04AADDD1293DA80500156500 /* Delegate */ = {
			isa = PBXGroup;
			children = (
				04A81280292FAF5300C12645 /* SceneDelegate.swift */,
				04A8127E292FAF5300C12645 /* AppDelegate.swift */,
			);
			path = Delegate;
			sourceTree = "<group>";
		};
		04AADDD3293DBF6600156500 /* First */ = {
			isa = PBXGroup;
			children = (
				04A81282292FAF5300C12645 /* ViewController.swift */,
			);
			path = First;
			sourceTree = "<group>";
		};
		04AADDD4293DBF7100156500 /* Second */ = {
			isa = PBXGroup;
			children = (
				04A812CA293070D400C12645 /* SecondViewController.swift */,
				04AADDCE293D9D7100156500 /* ViewModel.swift */,
			);
			path = Second;
			sourceTree = "<group>";
		};
/* End PBXGroup section */

/* Begin PBXNativeTarget section */
		04A8127A292FAF5300C12645 /* KakaoLogin */ = {
			isa = PBXNativeTarget;
			buildConfigurationList = 04A812A5292FAF5500C12645 /* Build configuration list for PBXNativeTarget "KakaoLogin" */;
			buildPhases = (
				04A81277292FAF5300C12645 /* Sources */,
				04A81278292FAF5300C12645 /* Frameworks */,
				04A81279292FAF5300C12645 /* Resources */,
			);
			buildRules = (
			);
			dependencies = (
			);
			name = KakaoLogin;
			packageProductDependencies = (
				04A812AF292FD12300C12645 /* RxKakaoSDK */,
				04A812B7292FDF2500C12645 /* SnapKit */,
				04A812BA292FE13300C12645 /* RxGesture */,
				04A812BD2930641C00C12645 /* Moya */,
				04A812BF2930641C00C12645 /* ReactiveMoya */,
				04A812C12930641C00C12645 /* RxMoya */,
			);
			productName = KakaoLogin;
			productReference = 04A8127B292FAF5300C12645 /* KakaoLogin.app */;
			productType = "com.apple.product-type.application";
		};
		04A81290292FAF5500C12645 /* KakaoLoginTests */ = {
			isa = PBXNativeTarget;
			buildConfigurationList = 04A812A8292FAF5500C12645 /* Build configuration list for PBXNativeTarget "KakaoLoginTests" */;
			buildPhases = (
				04A8128D292FAF5500C12645 /* Sources */,
				04A8128E292FAF5500C12645 /* Frameworks */,
				04A8128F292FAF5500C12645 /* Resources */,
			);
			buildRules = (
			);
			dependencies = (
				04A81293292FAF5500C12645 /* PBXTargetDependency */,
			);
			name = KakaoLoginTests;
			packageProductDependencies = (
				04A812B2292FD14D00C12645 /* RxKakaoSDK */,
			);
			productName = KakaoLoginTests;
			productReference = 04A81291292FAF5500C12645 /* KakaoLoginTests.xctest */;
			productType = "com.apple.product-type.bundle.unit-test";
		};
		04A8129A292FAF5500C12645 /* KakaoLoginUITests */ = {
			isa = PBXNativeTarget;
			buildConfigurationList = 04A812AB292FAF5500C12645 /* Build configuration list for PBXNativeTarget "KakaoLoginUITests" */;
			buildPhases = (
				04A81297292FAF5500C12645 /* Sources */,
				04A81298292FAF5500C12645 /* Frameworks */,
				04A81299292FAF5500C12645 /* Resources */,
			);
			buildRules = (
			);
			dependencies = (
				04A8129D292FAF5500C12645 /* PBXTargetDependency */,
			);
			name = KakaoLoginUITests;
			packageProductDependencies = (
				04A812B4292FD15100C12645 /* RxKakaoSDK */,
			);
			productName = KakaoLoginUITests;
			productReference = 04A8129B292FAF5500C12645 /* KakaoLoginUITests.xctest */;
			productType = "com.apple.product-type.bundle.ui-testing";
		};
/* End PBXNativeTarget section */

/* Begin PBXProject section */
		04A81273292FAF5300C12645 /* Project object */ = {
			isa = PBXProject;
			attributes = {
				BuildIndependentTargetsInParallel = 1;
				LastSwiftUpdateCheck = 1410;
				LastUpgradeCheck = 1410;
				TargetAttributes = {
					04A8127A292FAF5300C12645 = {
						CreatedOnToolsVersion = 14.1;
					};
					04A81290292FAF5500C12645 = {
						CreatedOnToolsVersion = 14.1;
						TestTargetID = 04A8127A292FAF5300C12645;
					};
					04A8129A292FAF5500C12645 = {
						CreatedOnToolsVersion = 14.1;
						TestTargetID = 04A8127A292FAF5300C12645;
					};
				};
			};
			buildConfigurationList = 04A81276292FAF5300C12645 /* Build configuration list for PBXProject "KakaoLogin" */;
			compatibilityVersion = "Xcode 14.0";
			developmentRegion = en;
			hasScannedForEncodings = 0;
			knownRegions = (
				en,
				Base,
			);
			mainGroup = 04A81272292FAF5300C12645;
			packageReferences = (
				04A812AE292FD12300C12645 /* XCRemoteSwiftPackageReference "kakao-ios-sdk-rx" */,
				04A812B6292FDF2500C12645 /* XCRemoteSwiftPackageReference "SnapKit" */,
				04A812B9292FE13300C12645 /* XCRemoteSwiftPackageReference "RxGesture" */,
				04A812BC2930641C00C12645 /* XCRemoteSwiftPackageReference "Moya" */,
			);
			productRefGroup = 04A8127C292FAF5300C12645 /* Products */;
			projectDirPath = "";
			projectRoot = "";
			targets = (
				04A8127A292FAF5300C12645 /* KakaoLogin */,
				04A81290292FAF5500C12645 /* KakaoLoginTests */,
				04A8129A292FAF5500C12645 /* KakaoLoginUITests */,
			);
		};
/* End PBXProject section */

/* Begin PBXResourcesBuildPhase section */
		04A81279292FAF5300C12645 /* Resources */ = {
			isa = PBXResourcesBuildPhase;
			buildActionMask = 2147483647;
			files = (
				04A8128B292FAF5500C12645 /* LaunchScreen.storyboard in Resources */,
				04A81288292FAF5500C12645 /* Assets.xcassets in Resources */,
			);
			runOnlyForDeploymentPostprocessing = 0;
		};
		04A8128F292FAF5500C12645 /* Resources */ = {
			isa = PBXResourcesBuildPhase;
			buildActionMask = 2147483647;
			files = (
			);
			runOnlyForDeploymentPostprocessing = 0;
		};
		04A81299292FAF5500C12645 /* Resources */ = {
			isa = PBXResourcesBuildPhase;
			buildActionMask = 2147483647;
			files = (
			);
			runOnlyForDeploymentPostprocessing = 0;
		};
/* End PBXResourcesBuildPhase section */

/* Begin PBXSourcesBuildPhase section */
		04A81277292FAF5300C12645 /* Sources */ = {
			isa = PBXSourcesBuildPhase;
			buildActionMask = 2147483647;
			files = (
				04AADDCF293D9D7100156500 /* ViewModel.swift in Sources */,
				04C4E6852935EB1900BDE2F2 /* Base.swift in Sources */,
				04A812CB293070D400C12645 /* SecondViewController.swift in Sources */,
				04AADDCD2939F79F00156500 /* NetworkMoya.swift in Sources */,
				04A6487A2931E02F006B7401 /* ResponseData.swift in Sources */,
				04A812C72930680A00C12645 /* TargetType.swift in Sources */,
				04A812C52930680300C12645 /* NetworkAlamo.swift in Sources */,
				04A81283292FAF5300C12645 /* ViewController.swift in Sources */,
				04A8127F292FAF5300C12645 /* AppDelegate.swift in Sources */,
				04A81281292FAF5300C12645 /* SceneDelegate.swift in Sources */,
			);
			runOnlyForDeploymentPostprocessing = 0;
		};
		04A8128D292FAF5500C12645 /* Sources */ = {
			isa = PBXSourcesBuildPhase;
			buildActionMask = 2147483647;
			files = (
				04A81296292FAF5500C12645 /* KakaoLoginTests.swift in Sources */,
			);
			runOnlyForDeploymentPostprocessing = 0;
		};
		04A81297292FAF5500C12645 /* Sources */ = {
			isa = PBXSourcesBuildPhase;
			buildActionMask = 2147483647;
			files = (
				04A812A2292FAF5500C12645 /* KakaoLoginUITestsLaunchTests.swift in Sources */,
				04A812A0292FAF5500C12645 /* KakaoLoginUITests.swift in Sources */,
			);
			runOnlyForDeploymentPostprocessing = 0;
		};
/* End PBXSourcesBuildPhase section */

/* Begin PBXTargetDependency section */
		04A81293292FAF5500C12645 /* PBXTargetDependency */ = {
			isa = PBXTargetDependency;
			target = 04A8127A292FAF5300C12645 /* KakaoLogin */;
			targetProxy = 04A81292292FAF5500C12645 /* PBXContainerItemProxy */;
		};
		04A8129D292FAF5500C12645 /* PBXTargetDependency */ = {
			isa = PBXTargetDependency;
			target = 04A8127A292FAF5300C12645 /* KakaoLogin */;
			targetProxy = 04A8129C292FAF5500C12645 /* PBXContainerItemProxy */;
		};
/* End PBXTargetDependency section */

/* Begin PBXVariantGroup section */
		04A81289292FAF5500C12645 /* LaunchScreen.storyboard */ = {
			isa = PBXVariantGroup;
			children = (
				04A8128A292FAF5500C12645 /* Base */,
			);
			name = LaunchScreen.storyboard;
			sourceTree = "<group>";
		};
/* End PBXVariantGroup section */

/* Begin XCBuildConfiguration section */
		04A812A3292FAF5500C12645 /* Debug */ = {
			isa = XCBuildConfiguration;
			buildSettings = {
				ALWAYS_SEARCH_USER_PATHS = NO;
				CLANG_ANALYZER_NONNULL = YES;
				CLANG_ANALYZER_NUMBER_OBJECT_CONVERSION = YES_AGGRESSIVE;
				CLANG_CXX_LANGUAGE_STANDARD = "gnu++20";
				CLANG_ENABLE_MODULES = YES;
				CLANG_ENABLE_OBJC_ARC = YES;
				CLANG_ENABLE_OBJC_WEAK = YES;
				CLANG_WARN_BLOCK_CAPTURE_AUTORELEASING = YES;
				CLANG_WARN_BOOL_CONVERSION = YES;
				CLANG_WARN_COMMA = YES;
				CLANG_WARN_CONSTANT_CONVERSION = YES;
				CLANG_WARN_DEPRECATED_OBJC_IMPLEMENTATIONS = YES;
				CLANG_WARN_DIRECT_OBJC_ISA_USAGE = YES_ERROR;
				CLANG_WARN_DOCUMENTATION_COMMENTS = YES;
				CLANG_WARN_EMPTY_BODY = YES;
				CLANG_WARN_ENUM_CONVERSION = YES;
				CLANG_WARN_INFINITE_RECURSION = YES;
				CLANG_WARN_INT_CONVERSION = YES;
				CLANG_WARN_NON_LITERAL_NULL_CONVERSION = YES;
				CLANG_WARN_OBJC_IMPLICIT_RETAIN_SELF = YES;
				CLANG_WARN_OBJC_LITERAL_CONVERSION = YES;
				CLANG_WARN_OBJC_ROOT_CLASS = YES_ERROR;
				CLANG_WARN_QUOTED_INCLUDE_IN_FRAMEWORK_HEADER = YES;
				CLANG_WARN_RANGE_LOOP_ANALYSIS = YES;
				CLANG_WARN_STRICT_PROTOTYPES = YES;
				CLANG_WARN_SUSPICIOUS_MOVE = YES;
				CLANG_WARN_UNGUARDED_AVAILABILITY = YES_AGGRESSIVE;
				CLANG_WARN_UNREACHABLE_CODE = YES;
				CLANG_WARN__DUPLICATE_METHOD_MATCH = YES;
				COPY_PHASE_STRIP = NO;
				DEBUG_INFORMATION_FORMAT = dwarf;
				ENABLE_STRICT_OBJC_MSGSEND = YES;
				ENABLE_TESTABILITY = YES;
				GCC_C_LANGUAGE_STANDARD = gnu11;
				GCC_DYNAMIC_NO_PIC = NO;
				GCC_NO_COMMON_BLOCKS = YES;
				GCC_OPTIMIZATION_LEVEL = 0;
				GCC_PREPROCESSOR_DEFINITIONS = (
					"DEBUG=1",
					"$(inherited)",
				);
				GCC_WARN_64_TO_32_BIT_CONVERSION = YES;
				GCC_WARN_ABOUT_RETURN_TYPE = YES_ERROR;
				GCC_WARN_UNDECLARED_SELECTOR = YES;
				GCC_WARN_UNINITIALIZED_AUTOS = YES_AGGRESSIVE;
				GCC_WARN_UNUSED_FUNCTION = YES;
				GCC_WARN_UNUSED_VARIABLE = YES;
				IPHONEOS_DEPLOYMENT_TARGET = 16.1;
				MTL_ENABLE_DEBUG_INFO = INCLUDE_SOURCE;
				MTL_FAST_MATH = YES;
				ONLY_ACTIVE_ARCH = YES;
				SDKROOT = iphoneos;
				SWIFT_ACTIVE_COMPILATION_CONDITIONS = DEBUG;
				SWIFT_OPTIMIZATION_LEVEL = "-Onone";
			};
			name = Debug;
		};
		04A812A4292FAF5500C12645 /* Release */ = {
			isa = XCBuildConfiguration;
			buildSettings = {
				ALWAYS_SEARCH_USER_PATHS = NO;
				CLANG_ANALYZER_NONNULL = YES;
				CLANG_ANALYZER_NUMBER_OBJECT_CONVERSION = YES_AGGRESSIVE;
				CLANG_CXX_LANGUAGE_STANDARD = "gnu++20";
				CLANG_ENABLE_MODULES = YES;
				CLANG_ENABLE_OBJC_ARC = YES;
				CLANG_ENABLE_OBJC_WEAK = YES;
				CLANG_WARN_BLOCK_CAPTURE_AUTORELEASING = YES;
				CLANG_WARN_BOOL_CONVERSION = YES;
				CLANG_WARN_COMMA = YES;
				CLANG_WARN_CONSTANT_CONVERSION = YES;
				CLANG_WARN_DEPRECATED_OBJC_IMPLEMENTATIONS = YES;
				CLANG_WARN_DIRECT_OBJC_ISA_USAGE = YES_ERROR;
				CLANG_WARN_DOCUMENTATION_COMMENTS = YES;
				CLANG_WARN_EMPTY_BODY = YES;
				CLANG_WARN_ENUM_CONVERSION = YES;
				CLANG_WARN_INFINITE_RECURSION = YES;
				CLANG_WARN_INT_CONVERSION = YES;
				CLANG_WARN_NON_LITERAL_NULL_CONVERSION = YES;
				CLANG_WARN_OBJC_IMPLICIT_RETAIN_SELF = YES;
				CLANG_WARN_OBJC_LITERAL_CONVERSION = YES;
				CLANG_WARN_OBJC_ROOT_CLASS = YES_ERROR;
				CLANG_WARN_QUOTED_INCLUDE_IN_FRAMEWORK_HEADER = YES;
				CLANG_WARN_RANGE_LOOP_ANALYSIS = YES;
				CLANG_WARN_STRICT_PROTOTYPES = YES;
				CLANG_WARN_SUSPICIOUS_MOVE = YES;
				CLANG_WARN_UNGUARDED_AVAILABILITY = YES_AGGRESSIVE;
				CLANG_WARN_UNREACHABLE_CODE = YES;
				CLANG_WARN__DUPLICATE_METHOD_MATCH = YES;
				COPY_PHASE_STRIP = NO;
				DEBUG_INFORMATION_FORMAT = "dwarf-with-dsym";
				ENABLE_NS_ASSERTIONS = NO;
				ENABLE_STRICT_OBJC_MSGSEND = YES;
				GCC_C_LANGUAGE_STANDARD = gnu11;
				GCC_NO_COMMON_BLOCKS = YES;
				GCC_WARN_64_TO_32_BIT_CONVERSION = YES;
				GCC_WARN_ABOUT_RETURN_TYPE = YES_ERROR;
				GCC_WARN_UNDECLARED_SELECTOR = YES;
				GCC_WARN_UNINITIALIZED_AUTOS = YES_AGGRESSIVE;
				GCC_WARN_UNUSED_FUNCTION = YES;
				GCC_WARN_UNUSED_VARIABLE = YES;
				IPHONEOS_DEPLOYMENT_TARGET = 16.1;
				MTL_ENABLE_DEBUG_INFO = NO;
				MTL_FAST_MATH = YES;
				SDKROOT = iphoneos;
				SWIFT_COMPILATION_MODE = wholemodule;
				SWIFT_OPTIMIZATION_LEVEL = "-O";
				VALIDATE_PRODUCT = YES;
			};
			name = Release;
		};
		04A812A6292FAF5500C12645 /* Debug */ = {
			isa = XCBuildConfiguration;
			buildSettings = {
				ASSETCATALOG_COMPILER_APPICON_NAME = AppIcon;
				ASSETCATALOG_COMPILER_GLOBAL_ACCENT_COLOR_NAME = AccentColor;
				CODE_SIGN_STYLE = Automatic;
				CURRENT_PROJECT_VERSION = 1;
				DEVELOPMENT_TEAM = TDUR55YWW6;
				GENERATE_INFOPLIST_FILE = YES;
				INFOPLIST_FILE = KakaoLogin/Info.plist;
				INFOPLIST_KEY_UIApplicationSupportsIndirectInputEvents = YES;
				INFOPLIST_KEY_UILaunchStoryboardName = LaunchScreen;
				INFOPLIST_KEY_UIMainStoryboardFile = "";
				INFOPLIST_KEY_UISupportedInterfaceOrientations_iPad = "UIInterfaceOrientationPortrait UIInterfaceOrientationPortraitUpsideDown UIInterfaceOrientationLandscapeLeft UIInterfaceOrientationLandscapeRight";
				INFOPLIST_KEY_UISupportedInterfaceOrientations_iPhone = "UIInterfaceOrientationPortrait UIInterfaceOrientationLandscapeLeft UIInterfaceOrientationLandscapeRight";
				LD_RUNPATH_SEARCH_PATHS = (
					"$(inherited)",
					"@executable_path/Frameworks",
				);
				MARKETING_VERSION = 1.0;
				PRODUCT_BUNDLE_IDENTIFIER = com.ognam.KakaoLogin;
				PRODUCT_NAME = "$(TARGET_NAME)";
				SWIFT_EMIT_LOC_STRINGS = YES;
				SWIFT_VERSION = 5.0;
				TARGETED_DEVICE_FAMILY = "1,2";
			};
			name = Debug;
		};
		04A812A7292FAF5500C12645 /* Release */ = {
			isa = XCBuildConfiguration;
			buildSettings = {
				ASSETCATALOG_COMPILER_APPICON_NAME = AppIcon;
				ASSETCATALOG_COMPILER_GLOBAL_ACCENT_COLOR_NAME = AccentColor;
				CODE_SIGN_STYLE = Automatic;
				CURRENT_PROJECT_VERSION = 1;
				DEVELOPMENT_TEAM = TDUR55YWW6;
				GENERATE_INFOPLIST_FILE = YES;
				INFOPLIST_FILE = KakaoLogin/Info.plist;
				INFOPLIST_KEY_UIApplicationSupportsIndirectInputEvents = YES;
				INFOPLIST_KEY_UILaunchStoryboardName = LaunchScreen;
				INFOPLIST_KEY_UIMainStoryboardFile = "";
				INFOPLIST_KEY_UISupportedInterfaceOrientations_iPad = "UIInterfaceOrientationPortrait UIInterfaceOrientationPortraitUpsideDown UIInterfaceOrientationLandscapeLeft UIInterfaceOrientationLandscapeRight";
				INFOPLIST_KEY_UISupportedInterfaceOrientations_iPhone = "UIInterfaceOrientationPortrait UIInterfaceOrientationLandscapeLeft UIInterfaceOrientationLandscapeRight";
				LD_RUNPATH_SEARCH_PATHS = (
					"$(inherited)",
					"@executable_path/Frameworks",
				);
				MARKETING_VERSION = 1.0;
				PRODUCT_BUNDLE_IDENTIFIER = com.ognam.KakaoLogin;
				PRODUCT_NAME = "$(TARGET_NAME)";
				SWIFT_EMIT_LOC_STRINGS = YES;
				SWIFT_VERSION = 5.0;
				TARGETED_DEVICE_FAMILY = "1,2";
			};
			name = Release;
		};
		04A812A9292FAF5500C12645 /* Debug */ = {
			isa = XCBuildConfiguration;
			buildSettings = {
				ALWAYS_EMBED_SWIFT_STANDARD_LIBRARIES = YES;
				BUNDLE_LOADER = "$(TEST_HOST)";
				CODE_SIGN_STYLE = Automatic;
				CURRENT_PROJECT_VERSION = 1;
				DEVELOPMENT_TEAM = TDUR55YWW6;
				GENERATE_INFOPLIST_FILE = YES;
				IPHONEOS_DEPLOYMENT_TARGET = 16.1;
				MARKETING_VERSION = 1.0;
				PRODUCT_BUNDLE_IDENTIFIER = com.ognam.KakaoLoginTests;
				PRODUCT_NAME = "$(TARGET_NAME)";
				SWIFT_EMIT_LOC_STRINGS = NO;
				SWIFT_VERSION = 5.0;
				TARGETED_DEVICE_FAMILY = "1,2";
				TEST_HOST = "$(BUILT_PRODUCTS_DIR)/KakaoLogin.app/$(BUNDLE_EXECUTABLE_FOLDER_PATH)/KakaoLogin";
			};
			name = Debug;
		};
		04A812AA292FAF5500C12645 /* Release */ = {
			isa = XCBuildConfiguration;
			buildSettings = {
				ALWAYS_EMBED_SWIFT_STANDARD_LIBRARIES = YES;
				BUNDLE_LOADER = "$(TEST_HOST)";
				CODE_SIGN_STYLE = Automatic;
				CURRENT_PROJECT_VERSION = 1;
				DEVELOPMENT_TEAM = TDUR55YWW6;
				GENERATE_INFOPLIST_FILE = YES;
				IPHONEOS_DEPLOYMENT_TARGET = 16.1;
				MARKETING_VERSION = 1.0;
				PRODUCT_BUNDLE_IDENTIFIER = com.ognam.KakaoLoginTests;
				PRODUCT_NAME = "$(TARGET_NAME)";
				SWIFT_EMIT_LOC_STRINGS = NO;
				SWIFT_VERSION = 5.0;
				TARGETED_DEVICE_FAMILY = "1,2";
				TEST_HOST = "$(BUILT_PRODUCTS_DIR)/KakaoLogin.app/$(BUNDLE_EXECUTABLE_FOLDER_PATH)/KakaoLogin";
			};
			name = Release;
		};
		04A812AC292FAF5500C12645 /* Debug */ = {
			isa = XCBuildConfiguration;
			buildSettings = {
				ALWAYS_EMBED_SWIFT_STANDARD_LIBRARIES = YES;
				CODE_SIGN_STYLE = Automatic;
				CURRENT_PROJECT_VERSION = 1;
				DEVELOPMENT_TEAM = TDUR55YWW6;
				GENERATE_INFOPLIST_FILE = YES;
				MARKETING_VERSION = 1.0;
				PRODUCT_BUNDLE_IDENTIFIER = com.ognam.KakaoLoginUITests;
				PRODUCT_NAME = "$(TARGET_NAME)";
				SWIFT_EMIT_LOC_STRINGS = NO;
				SWIFT_VERSION = 5.0;
				TARGETED_DEVICE_FAMILY = "1,2";
				TEST_TARGET_NAME = KakaoLogin;
			};
			name = Debug;
		};
		04A812AD292FAF5500C12645 /* Release */ = {
			isa = XCBuildConfiguration;
			buildSettings = {
				ALWAYS_EMBED_SWIFT_STANDARD_LIBRARIES = YES;
				CODE_SIGN_STYLE = Automatic;
				CURRENT_PROJECT_VERSION = 1;
				DEVELOPMENT_TEAM = TDUR55YWW6;
				GENERATE_INFOPLIST_FILE = YES;
				MARKETING_VERSION = 1.0;
				PRODUCT_BUNDLE_IDENTIFIER = com.ognam.KakaoLoginUITests;
				PRODUCT_NAME = "$(TARGET_NAME)";
				SWIFT_EMIT_LOC_STRINGS = NO;
				SWIFT_VERSION = 5.0;
				TARGETED_DEVICE_FAMILY = "1,2";
				TEST_TARGET_NAME = KakaoLogin;
			};
			name = Release;
		};
/* End XCBuildConfiguration section */

/* Begin XCConfigurationList section */
		04A81276292FAF5300C12645 /* Build configuration list for PBXProject "KakaoLogin" */ = {
			isa = XCConfigurationList;
			buildConfigurations = (
				04A812A3292FAF5500C12645 /* Debug */,
				04A812A4292FAF5500C12645 /* Release */,
			);
			defaultConfigurationIsVisible = 0;
			defaultConfigurationName = Release;
		};
		04A812A5292FAF5500C12645 /* Build configuration list for PBXNativeTarget "KakaoLogin" */ = {
			isa = XCConfigurationList;
			buildConfigurations = (
				04A812A6292FAF5500C12645 /* Debug */,
				04A812A7292FAF5500C12645 /* Release */,
			);
			defaultConfigurationIsVisible = 0;
			defaultConfigurationName = Release;
		};
		04A812A8292FAF5500C12645 /* Build configuration list for PBXNativeTarget "KakaoLoginTests" */ = {
			isa = XCConfigurationList;
			buildConfigurations = (
				04A812A9292FAF5500C12645 /* Debug */,
				04A812AA292FAF5500C12645 /* Release */,
			);
			defaultConfigurationIsVisible = 0;
			defaultConfigurationName = Release;
		};
		04A812AB292FAF5500C12645 /* Build configuration list for PBXNativeTarget "KakaoLoginUITests" */ = {
			isa = XCConfigurationList;
			buildConfigurations = (
				04A812AC292FAF5500C12645 /* Debug */,
				04A812AD292FAF5500C12645 /* Release */,
			);
			defaultConfigurationIsVisible = 0;
			defaultConfigurationName = Release;
		};
/* End XCConfigurationList section */

/* Begin XCRemoteSwiftPackageReference section */
		04A812AE292FD12300C12645 /* XCRemoteSwiftPackageReference "kakao-ios-sdk-rx" */ = {
			isa = XCRemoteSwiftPackageReference;
			repositoryURL = "https://github.com/kakao/kakao-ios-sdk-rx";
			requirement = {
				branch = master;
				kind = branch;
			};
		};
		04A812B6292FDF2500C12645 /* XCRemoteSwiftPackageReference "SnapKit" */ = {
			isa = XCRemoteSwiftPackageReference;
			repositoryURL = "https://github.com/SnapKit/SnapKit";
			requirement = {
				kind = upToNextMajorVersion;
				minimumVersion = 5.0.0;
			};
		};
		04A812B9292FE13300C12645 /* XCRemoteSwiftPackageReference "RxGesture" */ = {
			isa = XCRemoteSwiftPackageReference;
			repositoryURL = "https://github.com/RxSwiftCommunity/RxGesture.git";
			requirement = {
				kind = upToNextMajorVersion;
				minimumVersion = 4.0.0;
			};
		};
		04A812BC2930641C00C12645 /* XCRemoteSwiftPackageReference "Moya" */ = {
			isa = XCRemoteSwiftPackageReference;
			repositoryURL = "https://github.com/Moya/Moya.git";
			requirement = {
				branch = master;
				kind = branch;
			};
		};
/* End XCRemoteSwiftPackageReference section */

/* Begin XCSwiftPackageProductDependency section */
		04A812AF292FD12300C12645 /* RxKakaoSDK */ = {
			isa = XCSwiftPackageProductDependency;
			package = 04A812AE292FD12300C12645 /* XCRemoteSwiftPackageReference "kakao-ios-sdk-rx" */;
			productName = RxKakaoSDK;
		};
		04A812B2292FD14D00C12645 /* RxKakaoSDK */ = {
			isa = XCSwiftPackageProductDependency;
			package = 04A812AE292FD12300C12645 /* XCRemoteSwiftPackageReference "kakao-ios-sdk-rx" */;
			productName = RxKakaoSDK;
		};
		04A812B4292FD15100C12645 /* RxKakaoSDK */ = {
			isa = XCSwiftPackageProductDependency;
			package = 04A812AE292FD12300C12645 /* XCRemoteSwiftPackageReference "kakao-ios-sdk-rx" */;
			productName = RxKakaoSDK;
		};
		04A812B7292FDF2500C12645 /* SnapKit */ = {
			isa = XCSwiftPackageProductDependency;
			package = 04A812B6292FDF2500C12645 /* XCRemoteSwiftPackageReference "SnapKit" */;
			productName = SnapKit;
		};
		04A812BA292FE13300C12645 /* RxGesture */ = {
			isa = XCSwiftPackageProductDependency;
			package = 04A812B9292FE13300C12645 /* XCRemoteSwiftPackageReference "RxGesture" */;
			productName = RxGesture;
		};
		04A812BD2930641C00C12645 /* Moya */ = {
			isa = XCSwiftPackageProductDependency;
			package = 04A812BC2930641C00C12645 /* XCRemoteSwiftPackageReference "Moya" */;
			productName = Moya;
		};
		04A812BF2930641C00C12645 /* ReactiveMoya */ = {
			isa = XCSwiftPackageProductDependency;
			package = 04A812BC2930641C00C12645 /* XCRemoteSwiftPackageReference "Moya" */;
			productName = ReactiveMoya;
		};
		04A812C12930641C00C12645 /* RxMoya */ = {
			isa = XCSwiftPackageProductDependency;
			package = 04A812BC2930641C00C12645 /* XCRemoteSwiftPackageReference "Moya" */;
			productName = RxMoya;
		};
/* End XCSwiftPackageProductDependency section */
	};
	rootObject = 04A81273292FAF5300C12645 /* Project object */;
}
